
Microsoft Visual Studio Solution File, Format Version 12.00
# Visual Studio 15
VisualStudioVersion = 15.0.27428.2043
MinimumVisualStudioVersion = 10.0.40219.1
Project("{FAE04EC0-301F-11D3-BF4B-00C04F79EFBC}") = "BattleTechModLoader", "BattleTechModLoader\BattleTechModLoader.csproj", "{3DA1D634-AF82-4479-8EA3-580BA2F17BE7}"
EndProject
Project("{FAE04EC0-301F-11D3-BF4B-00C04F79EFBC}") = "BattleTechModLoaderInjector", "BattleTechModLoaderInjector\BattleTechModLoaderInjector.csproj", "{7F6FD594-C1BC-4F30-82F8-674D7EE7BF9D}"
EndProject
Project("{FAE04EC0-301F-11D3-BF4B-00C04F79EFBC}") = "BattleTechModLauncher", "BattleTechModLauncher\BattleTechModLauncher.csproj", "{0AE08D22-A09D-48E7-8486-3F3ECBFA2A45}"
EndProject
Project("{FAE04EC0-301F-11D3-BF4B-00C04F79EFBC}") = "ModTek", "ModTek\ModTek\ModTek.csproj", "{8D955C2C-D75B-453C-99D1-B337BBF82CCA}"
EndProject
Project("{FAE04EC0-301F-11D3-BF4B-00C04F79EFBC}") = "DynModLib", "DynModLib\source\DynModLib.csproj", "{4C0B103D-D164-45B2-98C8-DC599B50520E}"
EndProject
Global
	GlobalSection(SolutionConfigurationPlatforms) = preSolution
		Debug|Any CPU = Debug|Any CPU
		Release|Any CPU = Release|Any CPU
	EndGlobalSection
	GlobalSection(ProjectConfigurationPlatforms) = postSolution
		{3DA1D634-AF82-4479-8EA3-580BA2F17BE7}.Debug|Any CPU.ActiveCfg = Debug|Any CPU
		{3DA1D634-AF82-4479-8EA3-580BA2F17BE7}.Debug|Any CPU.Build.0 = Debug|Any CPU
		{3DA1D634-AF82-4479-8EA3-580BA2F17BE7}.Release|Any CPU.ActiveCfg = Release|Any CPU
		{3DA1D634-AF82-4479-8EA3-580BA2F17BE7}.Release|Any CPU.Build.0 = Release|Any CPU
		{7F6FD594-C1BC-4F30-82F8-674D7EE7BF9D}.Debug|Any CPU.ActiveCfg = Debug|Any CPU
		{7F6FD594-C1BC-4F30-82F8-674D7EE7BF9D}.Debug|Any CPU.Build.0 = Debug|Any CPU
		{7F6FD594-C1BC-4F30-82F8-674D7EE7BF9D}.Release|Any CPU.ActiveCfg = Release|Any CPU
		{7F6FD594-C1BC-4F30-82F8-674D7EE7BF9D}.Release|Any CPU.Build.0 = Release|Any CPU
		{0AE08D22-A09D-48E7-8486-3F3ECBFA2A45}.Debug|Any CPU.ActiveCfg = Debug|Any CPU
		{0AE08D22-A09D-48E7-8486-3F3ECBFA2A45}.Debug|Any CPU.Build.0 = Debug|Any CPU
		{0AE08D22-A09D-48E7-8486-3F3ECBFA2A45}.Release|Any CPU.ActiveCfg = Release|Any CPU
		{0AE08D22-A09D-48E7-8486-3F3ECBFA2A45}.Release|Any CPU.Build.0 = Release|Any CPU
		{8D955C2C-D75B-453C-99D1-B337BBF82CCA}.Debug|Any CPU.ActiveCfg = Debug|Any CPU
		{8D955C2C-D75B-453C-99D1-B337BBF82CCA}.Debug|Any CPU.Build.0 = Debug|Any CPU
		{8D955C2C-D75B-453C-99D1-B337BBF82CCA}.Release|Any CPU.ActiveCfg = Release|Any CPU
		{8D955C2C-D75B-453C-99D1-B337BBF82CCA}.Release|Any CPU.Build.0 = Release|Any CPU
		{4C0B103D-D164-45B2-98C8-DC599B50520E}.Debug|Any CPU.ActiveCfg = Debug|Any CPU
		{4C0B103D-D164-45B2-98C8-DC599B50520E}.Debug|Any CPU.Build.0 = Debug|Any CPU
		{4C0B103D-D164-45B2-98C8-DC599B50520E}.Release|Any CPU.ActiveCfg = Release|Any CPU
		{4C0B103D-D164-45B2-98C8-DC599B50520E}.Release|Any CPU.Build.0 = Release|Any CPU
	EndGlobalSection
	GlobalSection(SolutionProperties) = preSolution
		HideSolutionNode = FALSE
	EndGlobalSection
	GlobalSection(ExtensibilityGlobals) = postSolution
		SolutionGuid = {2AE75389-8778-4A1E-A9BD-6925E6DF8271}
	EndGlobalSection
EndGlobal
